GEM
  remote: https://rubygems.org/
  specs:
    bones (3.9.0)
      little-plugger (~> 1.1)
      loquacious (~> 1.9)
      rake (~> 13.0)
      rdoc (~> 6.0)
    date (3.5.1)
    drb (2.2.3)
    erb (6.0.6)
    little-plugger (1.1.4)
    loquacious (1.9.1)
    minitest (6.0.6)
      drb (~> 2.0)
      prism (~> 1.5)
    prism (1.9.0)
    psych (5.4.0)
      date
      stringio
    rake (13.4.2)
    rdoc (6.17.0)
      erb
      psych (>= 4.0.0)
      tsort
    shoulda-context (1.2.2)
    stringio (3.2.0)
    tsort (0.2.0)

PLATFORMS
  ruby
  x86_64-linux

DEPENDENCIES
  bones (~> 3.9)
  minitest
  rake (~> 13)
  shoulda-context (~> 1.0)

CHECKSUMS
  bones (3.9.0) sha256=2b7f3165323a698c9c8dfac8330113b3b7763289a79a253f813b7fe9bcc78e5a
  date (3.5.1) sha256=750d06384d7b9c15d562c76291407d89e368dda4d4fff957eb94962d325a0dc0
  drb (2.2.3) sha256=0b00d6fdb50995fe4a45dea13663493c841112e4068656854646f418fda13373
  erb (6.0.6) sha256=a9b24986700f5bf127c4f297c5403c3ca41b83b0a316c0cd09a096b56e644ae5
  little-plugger (1.1.4) sha256=d5f347c00d9d648040ef7c17d6eb09d3d0719adf19ca30d1a3b6fb26d0a631bb
  loquacious (1.9.1) sha256=1f963cf06e94732c98bd03b31677751b2c2b98ab17bd1ffa4bd71bddb298e15d
  minitest (6.0.6) sha256=153ea36d1d987a62942382b61075745042a2b3123b1cd48f4c3675af9cc7d6f1
  prism (1.9.0) sha256=7b530c6a9f92c24300014919c9dcbc055bf4cdf51ec30aed099b06cd6674ef85
  psych (5.4.0) sha256=14f72d69a611af663d7d70e4a7b67d9eb1f3ae9f8d916b478961d5a0075ba5b7
  rake (13.4.2) sha256=cb825b2bd5f1f8e91ca37bddb4b9aaf345551b4731da62949be002fa89283701
  rdoc (6.17.0) sha256=0f50d4e568fc98195f9bb155a9e8dff6c7feabfb515fb22ef6df1d12ad5a02b7
  shoulda-context (1.2.2) sha256=6c25ac1938b9009807c37c2e497fac84f768db3c89d67688459a2ce6bb6616d0
  stringio (3.2.0) sha256=c37cb2e58b4ffbd33fe5cd948c05934af997b36e0b6ca6fdf43afa234cf222e1
  tsort (0.2.0) sha256=9650a793f6859a43b6641671278f79cfead60ac714148aabe4e3f0060480089f

BUNDLED WITH
  4.0.17
